// !$*UTF8*$!
{
	archiveVersion = 1;
	classes = {
	};
	objectVersion = 55;
	objects = {

/* Begin PBXBuildFile section */
		FAC9F7CA29377F6900FDB782 /* DetailsViewController.swift in Sources */ = {isa = PBXBuildFile; fileRef = FAC9F7C929377F6900FDB782 /* DetailsViewController.swift */; };
		FAC9F7CD2937857E00FDB782 /* MainCollectionViewCell.swift in Sources */ = {isa = PBXBuildFile; fileRef = FAC9F7CC2937857E00FDB782 /* MainCollectionViewCell.swift */; };
		FACD50CE2937EF740094541B /* Constants.swift in Sources */ = {isa = PBXBuildFile; fileRef = FACD50CD2937EF740094541B /* Constants.swift */; };
		FADD6FD62936120F005021BC /* AppDelegate.swift in Sources */ = {isa = PBXBuildFile; fileRef = FADD6FD52936120F005021BC /* AppDelegate.swift */; };
		FADD6FD82936120F005021BC /* SceneDelegate.swift in Sources */ = {isa = PBXBuildFile; fileRef = FADD6FD72936120F005021BC /* SceneDelegate.swift */; };
		FADD6FDA2936120F005021BC /* MainViewController.swift in Sources */ = {isa = PBXBuildFile; fileRef = FADD6FD92936120F005021BC /* MainViewController.swift */; };
		FADD6FDF29361211005021BC /* Assets.xcassets in Resources */ = {isa = PBXBuildFile; fileRef = FADD6FDE29361211005021BC /* Assets.xcassets */; };
		FADD6FE229361211005021BC /* LaunchScreen.storyboard in Resources */ = {isa = PBXBuildFile; fileRef = FADD6FE029361211005021BC /* LaunchScreen.storyboard */; };
/* End PBXBuildFile section */

/* Begin PBXFileReference section */
		FAC9F7C929377F6900FDB782 /* DetailsViewController.swift */ = {isa = PBXFileReference; lastKnownFileType = sourcecode.swift; path = DetailsViewController.swift; sourceTree = "<group>"; };
		FAC9F7CC2937857E00FDB782 /* MainCollectionViewCell.swift */ = {isa = PBXFileReference; lastKnownFileType = sourcecode.swift; path = MainCollectionViewCell.swift; sourceTree = "<group>"; };
		FACD50CD2937EF740094541B /* Constants.swift */ = {isa = PBXFileReference; lastKnownFileType = sourcecode.swift; path = Constants.swift; sourceTree = "<group>"; };
		FADD6FD22936120F005021BC /* TheBestApp.app */ = {isa = PBXFileReference; explicitFileType = wrapper.application; includeInIndex = 0; path = TheBestApp.app; sourceTree = BUILT_PRODUCTS_DIR; };
		FADD6FD52936120F005021BC /* AppDelegate.swift */ = {isa = PBXFileReference; lastKnownFileType = sourcecode.swift; path = AppDelegate.swift; sourceTree = "<group>"; };
		FADD6FD72936120F005021BC /* SceneDelegate.swift */ = {isa = PBXFileReference; lastKnownFileType = sourcecode.swift; path = SceneDelegate.swift; sourceTree = "<group>"; };
		FADD6FD92936120F005021BC /* MainViewController.swift */ = {isa = PBXFileReference; lastKnownFileType = sourcecode.swift; path = MainViewController.swift; sourceTree = "<group>"; };
		FADD6FDE29361211005021BC /* Assets.xcassets */ = {isa = PBXFileReference; lastKnownFileType = folder.assetcatalog; path = Assets.xcassets; sourceTree = "<group>"; };
		FADD6FE129361211005021BC /* Base */ = {isa = PBXFileReference; lastKnownFileType = file.storyboard; name = Base; path = Base.lproj/LaunchScreen.storyboard; sourceTree = "<group>"; };
		FADD6FE329361211005021BC /* Info.plist */ = {isa = PBXFileReference; lastKnownFileType = text.plist.xml; path = Info.plist; sourceTree = "<group>"; };
/* End PBXFileReference section */

/* Begin PBXFrameworksBuildPhase section */
		FADD6FCF2936120F005021BC /* Frameworks */ = {
			isa = PBXFrameworksBuildPhase;
			buildActionMask = 2147483647;
			files = (
			);
			runOnlyForDeploymentPostprocessing = 0;
		};
/* End PBXFrameworksBuildPhase section */

/* Begin PBXGroup section */
		FAC9F7C829377E2E00FDB782 /* Controllers */ = {
			isa = PBXGroup;
			children = (
				FADD6FD92936120F005021BC /* MainViewController.swift */,
				FAC9F7C929377F6900FDB782 /* DetailsViewController.swift */,
			);
			path = Controllers;
			sourceTree = "<group>";
		};
		FAC9F7CB2937854200FDB782 /* Views */ = {
			isa = PBXGroup;
			children = (
				FAC9F7CC2937857E00FDB782 /* MainCollectionViewCell.swift */,
			);
			path = Views;
			sourceTree = "<group>";
		};
		FACD50CB2937EF250094541B /* Helpers */ = {
			isa = PBXGroup;
			children = (
				FACD50CD2937EF740094541B /* Constants.swift */,
			);
			path = Helpers;
			sourceTree = "<group>";
		};
		FACD50CC2937EF400094541B /* Models */ = {
			isa = PBXGroup;
			children = (
			);
			path = Models;
			sourceTree = "<group>";
		};
		FADD6FC92936120F005021BC = {
			isa = PBXGroup;
			children = (
				FADD6FD42936120F005021BC /* TheBestApp */,
				FADD6FD32936120F005021BC /* Products */,
			);
			sourceTree = "<group>";
		};
		FADD6FD32936120F005021BC /* Products */ = {
			isa = PBXGroup;
			children = (
				FADD6FD22936120F005021BC /* TheBestApp.app */,
			);
			name = Products;
			sourceTree = "<group>";
		};
		FADD6FD42936120F005021BC /* TheBestApp */ = {
			isa = PBXGroup;
			children = (
				FADD6FEA29361847005021BC /* Application */,
				FAC9F7C829377E2E00FDB782 /* Controllers */,
				FACD50CB2937EF250094541B /* Helpers */,
				FACD50CC2937EF400094541B /* Models */,
				FADD6FE929361259005021BC /* Resources */,
				FAC9F7CB2937854200FDB782 /* Views */,
			);
			path = TheBestApp;
			sourceTree = "<group>";
		};
		FADD6FE929361259005021BC /* Resources */ = {
			isa = PBXGroup;
			children = (
				FADD6FDE29361211005021BC /* Assets.xcassets */,
				FADD6FE029361211005021BC /* LaunchScreen.storyboard */,
				FADD6FE329361211005021BC /* Info.plist */,
			);
			path = Resources;
			sourceTree = "<group>";
		};
		FADD6FEA29361847005021BC /* Application */ = {
			isa = PBXGroup;
			children = (
				FADD6FD52936120F005021BC /* AppDelegate.swift */,
				FADD6FD72936120F005021BC /* SceneDelegate.swift */,
			);
			path = Application;
			sourceTree = "<group>";
		};
/* End PBXGroup section */

/* Begin PBXNativeTarget section */
		FADD6FD12936120F005021BC /* TheBestApp */ = {
			isa = PBXNativeTarget;
			buildConfigurationList = FADD6FE629361211005021BC /* Build configuration list for PBXNativeTarget "TheBestApp" */;
			buildPhases = (
				FADD6FCE2936120F005021BC /* Sources */,
				FADD6FCF2936120F005021BC /* Frameworks */,
				FADD6FD02936120F005021BC /* Resources */,
			);
			buildRules = (
			);
			dependencies = (
			);
			name = TheBestApp;
			productName = TheBestApp;
			productReference = FADD6FD22936120F005021BC /* TheBestApp.app */;
			productType = "com.apple.product-type.application";
		};
/* End PBXNativeTarget section */

/* Begin PBXProject section */
		FADD6FCA2936120F005021BC /* Project object */ = {
			isa = PBXProject;
			attributes = {
				BuildIndependentTargetsInParallel = 1;
				LastSwiftUpdateCheck = 1310;
				LastUpgradeCheck = 1310;
				TargetAttributes = {
					FADD6FD12936120F005021BC = {
						CreatedOnToolsVersion = 13.1;
					};
				};
			};
			buildConfigurationList = FADD6FCD2936120F005021BC /* Build configuration list for PBXProject "TheBestApp" */;
			compatibilityVersion = "Xcode 13.0";
			developmentRegion = en;
			hasScannedForEncodings = 0;
			knownRegions = (
				en,
				Base,
			);
			mainGroup = FADD6FC92936120F005021BC;
			productRefGroup = FADD6FD32936120F005021BC /* Products */;
			projectDirPath = "";
			projectRoot = "";
			targets = (
				FADD6FD12936120F005021BC /* TheBestApp */,
			);
		};
/* End PBXProject section */

/* Begin PBXResourcesBuildPhase section */
		FADD6FD02936120F005021BC /* Resources */ = {
			isa = PBXResourcesBuildPhase;
			buildActionMask = 2147483647;
			files = (
				FADD6FE229361211005021BC /* LaunchScreen.storyboard in Resources */,
				FADD6FDF29361211005021BC /* Assets.xcassets in Resources */,
			);
			runOnlyForDeploymentPostprocessing = 0;
		};
/* End PBXResourcesBuildPhase section */

/* Begin PBXSourcesBuildPhase section */
		FADD6FCE2936120F005021BC /* Sources */ = {
			isa = PBXSourcesBuildPhase;
			buildActionMask = 2147483647;
			files = (
				FADD6FDA2936120F005021BC /* MainViewController.swift in Sources */,
				FADD6FD62936120F005021BC /* AppDelegate.swift in Sources */,
				FAC9F7CD2937857E00FDB782 /* MainCollectionViewCell.swift in Sources */,
				FADD6FD82936120F005021BC /* SceneDelegate.swift in Sources */,
				FAC9F7CA29377F6900FDB782 /* DetailsViewController.swift in Sources */,
				FACD50CE2937EF740094541B /* Constants.swift in Sources */,
			);
			runOnlyForDeploymentPostprocessing = 0;
		};
/* End PBXSourcesBuildPhase section */

/* Begin PBXVariantGroup section */
		FADD6FE029361211005021BC /* LaunchScreen.storyboard */ = {
			isa = PBXVariantGroup;
			children = (
				FADD6FE129361211005021BC /* Base */,
			);
			name = LaunchScreen.storyboard;
			sourceTree = "<group>";
		};
/* End PBXVariantGroup section */

/* Begin XCBuildConfiguration section */
		FADD6FE429361211005021BC /* Debug */ = {
			isa = XCBuildConfiguration;
			buildSettings = {
				ALWAYS_SEARCH_USER_PATHS = NO;
				CLANG_ANALYZER_NONNULL = YES;
				CLANG_ANALYZER_NUMBER_OBJECT_CONVERSION = YES_AGGRESSIVE;
				CLANG_CXX_LANGUAGE_STANDARD = "gnu++17";
				CLANG_CXX_LIBRARY = "libc++";
				CLANG_ENABLE_MODULES = YES;
				CLANG_ENABLE_OBJC_ARC = YES;
				CLANG_ENABLE_OBJC_WEAK = YES;
				CLANG_WARN_BLOCK_CAPTURE_AUTORELEASING = YES;
				CLANG_WARN_BOOL_CONVERSION = YES;
				CLANG_WARN_COMMA = YES;
				CLANG_WARN_CONSTANT_CONVERSION = YES;
				CLANG_WARN_DEPRECATED_OBJC_IMPLEMENTATIONS = YES;
				CLANG_WARN_DIRECT_OBJC_ISA_USAGE = YES_ERROR;
				CLANG_WARN_DOCUMENTATION_COMMENTS = YES;
				CLANG_WARN_EMPTY_BODY = YES;
				CLANG_WARN_ENUM_CONVERSION = YES;
				CLANG_WARN_INFINITE_RECURSION = YES;
				CLANG_WARN_INT_CONVERSION = YES;
				CLANG_WARN_NON_LITERAL_NULL_CONVERSION = YES;
				CLANG_WARN_OBJC_IMPLICIT_RETAIN_SELF = YES;
				CLANG_WARN_OBJC_LITERAL_CONVERSION = YES;
				CLANG_WARN_OBJC_ROOT_CLASS = YES_ERROR;
				CLANG_WARN_QUOTED_INCLUDE_IN_FRAMEWORK_HEADER = YES;
				CLANG_WARN_RANGE_LOOP_ANALYSIS = YES;
				CLANG_WARN_STRICT_PROTOTYPES = YES;
				CLANG_WARN_SUSPICIOUS_MOVE = YES;
				CLANG_WARN_UNGUARDED_AVAILABILITY = YES_AGGRESSIVE;
				CLANG_WARN_UNREACHABLE_CODE = YES;
				CLANG_WARN__DUPLICATE_METHOD_MATCH = YES;
				COPY_PHASE_STRIP = NO;
				DEBUG_INFORMATION_FORMAT = dwarf;
				ENABLE_STRICT_OBJC_MSGSEND = YES;
				ENABLE_TESTABILITY = YES;
				GCC_C_LANGUAGE_STANDARD = gnu11;
				GCC_DYNAMIC_NO_PIC = NO;
				GCC_NO_COMMON_BLOCKS = YES;
				GCC_OPTIMIZATION_LEVEL = 0;
				GCC_PREPROCESSOR_DEFINITIONS = (
					"DEBUG=1",
					"$(inherited)",
				);
				GCC_WARN_64_TO_32_BIT_CONVERSION = YES;
				GCC_WARN_ABOUT_RETURN_TYPE = YES_ERROR;
				GCC_WARN_UNDECLARED_SELECTOR = YES;
				GCC_WARN_UNINITIALIZED_AUTOS = YES_AGGRESSIVE;
				GCC_WARN_UNUSED_FUNCTION = YES;
				GCC_WARN_UNUSED_VARIABLE = YES;
				IPHONEOS_DEPLOYMENT_TARGET = 15.0;
				MTL_ENABLE_DEBUG_INFO = INCLUDE_SOURCE;
				MTL_FAST_MATH = YES;
				ONLY_ACTIVE_ARCH = YES;
				SDKROOT = iphoneos;
				SWIFT_ACTIVE_COMPILATION_CONDITIONS = DEBUG;
				SWIFT_OPTIMIZATION_LEVEL = "-Onone";
			};
			name = Debug;
		};
		FADD6FE529361211005021BC /* Release */ = {
			isa = XCBuildConfiguration;
			buildSettings = {
				ALWAYS_SEARCH_USER_PATHS = NO;
				CLANG_ANALYZER_NONNULL = YES;
				CLANG_ANALYZER_NUMBER_OBJECT_CONVERSION = YES_AGGRESSIVE;
				CLANG_CXX_LANGUAGE_STANDARD = "gnu++17";
				CLANG_CXX_LIBRARY = "libc++";
				CLANG_ENABLE_MODULES = YES;
				CLANG_ENABLE_OBJC_ARC = YES;
				CLANG_ENABLE_OBJC_WEAK = YES;
				CLANG_WARN_BLOCK_CAPTURE_AUTORELEASING = YES;
				CLANG_WARN_BOOL_CONVERSION = YES;
				CLANG_WARN_COMMA = YES;
				CLANG_WARN_CONSTANT_CONVERSION = YES;
				CLANG_WARN_DEPRECATED_OBJC_IMPLEMENTATIONS = YES;
				CLANG_WARN_DIRECT_OBJC_ISA_USAGE = YES_ERROR;
				CLANG_WARN_DOCUMENTATION_COMMENTS = YES;
				CLANG_WARN_EMPTY_BODY = YES;
				CLANG_WARN_ENUM_CONVERSION = YES;
				CLANG_WARN_INFINITE_RECURSION = YES;
				CLANG_WARN_INT_CONVERSION = YES;
				CLANG_WARN_NON_LITERAL_NULL_CONVERSION = YES;
				CLANG_WARN_OBJC_IMPLICIT_RETAIN_SELF = YES;
				CLANG_WARN_OBJC_LITERAL_CONVERSION = YES;
				CLANG_WARN_OBJC_ROOT_CLASS = YES_ERROR;
				CLANG_WARN_QUOTED_INCLUDE_IN_FRAMEWORK_HEADER = YES;
				CLANG_WARN_RANGE_LOOP_ANALYSIS = YES;
				CLANG_WARN_STRICT_PROTOTYPES = YES;
				CLANG_WARN_SUSPICIOUS_MOVE = YES;
				CLANG_WARN_UNGUARDED_AVAILABILITY = YES_AGGRESSIVE;
				CLANG_WARN_UNREACHABLE_CODE = YES;
				CLANG_WARN__DUPLICATE_METHOD_MATCH = YES;
				COPY_PHASE_STRIP = NO;
				DEBUG_INFORMATION_FORMAT = "dwarf-with-dsym";
				ENABLE_NS_ASSERTIONS = NO;
				ENABLE_STRICT_OBJC_MSGSEND = YES;
				GCC_C_LANGUAGE_STANDARD = gnu11;
				GCC_NO_COMMON_BLOCKS = YES;
				GCC_WARN_64_TO_32_BIT_CONVERSION = YES;
				GCC_WARN_ABOUT_RETURN_TYPE = YES_ERROR;
				GCC_WARN_UNDECLARED_SELECTOR = YES;
				GCC_WARN_UNINITIALIZED_AUTOS = YES_AGGRESSIVE;
				GCC_WARN_UNUSED_FUNCTION = YES;
				GCC_WARN_UNUSED_VARIABLE = YES;
				IPHONEOS_DEPLOYMENT_TARGET = 15.0;
				MTL_ENABLE_DEBUG_INFO = NO;
				MTL_FAST_MATH = YES;
				SDKROOT = iphoneos;
				SWIFT_COMPILATION_MODE = wholemodule;
				SWIFT_OPTIMIZATION_LEVEL = "-O";
				VALIDATE_PRODUCT = YES;
			};
			name = Release;
		};
		FADD6FE729361211005021BC /* Debug */ = {
			isa = XCBuildConfiguration;
			buildSettings = {
				ASSETCATALOG_COMPILER_APPICON_NAME = AppIcon;
				ASSETCATALOG_COMPILER_GLOBAL_ACCENT_COLOR_NAME = AccentColor;
				CODE_SIGN_STYLE = Automatic;
				CURRENT_PROJECT_VERSION = 1;
				DEVELOPMENT_TEAM = 95JY55TVJ9;
				GENERATE_INFOPLIST_FILE = YES;
				INFOPLIST_FILE = TheBestApp/Resources/Info.plist;
				INFOPLIST_KEY_UIApplicationSupportsIndirectInputEvents = YES;
				INFOPLIST_KEY_UILaunchStoryboardName = LaunchScreen;
				INFOPLIST_KEY_UISupportedInterfaceOrientations_iPad = "UIInterfaceOrientationPortrait UIInterfaceOrientationPortraitUpsideDown UIInterfaceOrientationLandscapeLeft UIInterfaceOrientationLandscapeRight";
				INFOPLIST_KEY_UISupportedInterfaceOrientations_iPhone = "UIInterfaceOrientationPortrait UIInterfaceOrientationLandscapeLeft UIInterfaceOrientationLandscapeRight";
				IPHONEOS_DEPLOYMENT_TARGET = 13.0;
				LD_RUNPATH_SEARCH_PATHS = (
					"$(inherited)",
					"@executable_path/Frameworks",
				);
				MARKETING_VERSION = 1.0;
				PRODUCT_BUNDLE_IDENTIFIER = l40perl.TheBestApp;
				PRODUCT_NAME = "$(TARGET_NAME)";
				SWIFT_EMIT_LOC_STRINGS = YES;
				SWIFT_VERSION = 5.0;
				TARGETED_DEVICE_FAMILY = 1;
			};
			name = Debug;
		};
		FADD6FE829361211005021BC /* Release */ = {
			isa = XCBuildConfiguration;
			buildSettings = {
				ASSETCATALOG_COMPILER_APPICON_NAME = AppIcon;
				ASSETCATALOG_COMPILER_GLOBAL_ACCENT_COLOR_NAME = AccentColor;
				CODE_SIGN_STYLE = Automatic;
				CURRENT_PROJECT_VERSION = 1;
				DEVELOPMENT_TEAM = 95JY55TVJ9;
				GENERATE_INFOPLIST_FILE = YES;
				INFOPLIST_FILE = TheBestApp/Resources/Info.plist;
				INFOPLIST_KEY_UIApplicationSupportsIndirectInputEvents = YES;
				INFOPLIST_KEY_UILaunchStoryboardName = LaunchScreen;
				INFOPLIST_KEY_UISupportedInterfaceOrientations_iPad = "UIInterfaceOrientationPortrait UIInterfaceOrientationPortraitUpsideDown UIInterfaceOrientationLandscapeLeft UIInterfaceOrientationLandscapeRight";
				INFOPLIST_KEY_UISupportedInterfaceOrientations_iPhone = "UIInterfaceOrientationPortrait UIInterfaceOrientationLandscapeLeft UIInterfaceOrientationLandscapeRight";
				IPHONEOS_DEPLOYMENT_TARGET = 13.0;
				LD_RUNPATH_SEARCH_PATHS = (
					"$(inherited)",
					"@executable_path/Frameworks",
				);
				MARKETING_VERSION = 1.0;
				PRODUCT_BUNDLE_IDENTIFIER = l40perl.TheBestApp;
				PRODUCT_NAME = "$(TARGET_NAME)";
				SWIFT_EMIT_LOC_STRINGS = YES;
				SWIFT_VERSION = 5.0;
				TARGETED_DEVICE_FAMILY = 1;
			};
			name = Release;
		};
/* End XCBuildConfiguration section */

/* Begin XCConfigurationList section */
		FADD6FCD2936120F005021BC /* Build configuration list for PBXProject "TheBestApp" */ = {
			isa = XCConfigurationList;
			buildConfigurations = (
				FADD6FE429361211005021BC /* Debug */,
				FADD6FE529361211005021BC /* Release */,
			);
			defaultConfigurationIsVisible = 0;
			defaultConfigurationName = Release;
		};
		FADD6FE629361211005021BC /* Build configuration list for PBXNativeTarget "TheBestApp" */ = {
			isa = XCConfigurationList;
			buildConfigurations = (
				FADD6FE729361211005021BC /* Debug */,
				FADD6FE829361211005021BC /* Release */,
			);
			defaultConfigurationIsVisible = 0;
			defaultConfigurationName = Release;
		};
/* End XCConfigurationList section */
	};
	rootObject = FADD6FCA2936120F005021BC /* Project object */;
}
